// !$*UTF8*$!
{
	archiveVersion = 1;
	classes = {
	};
	objectVersion = 50;
	objects = {

/* Begin PBXFileReference section */
		4192C1042394629400A586F7 /* run_bias_1dec2019.py */ = {isa = PBXFileReference; lastKnownFileType = text.script.python; path = run_bias_1dec2019.py; sourceTree = "<group>"; };
		4192C1052394629400A586F7 /* run_bias.py */ = {isa = PBXFileReference; lastKnownFileType = text.script.python; path = run_bias.py; sourceTree = "<group>"; };
/* End PBXFileReference section */

/* Begin PBXGroup section */
		4192C0FD2394625700A586F7 = {
			isa = PBXGroup;
			children = (
				4192C1042394629400A586F7 /* run_bias_1dec2019.py */,
				4192C1052394629400A586F7 /* run_bias.py */,
			);
			sourceTree = "<group>";
		};
/* End PBXGroup section */

/* Begin PBXProject section */
		4192C0FE2394625700A586F7 /* Project object */ = {
			isa = PBXProject;
			attributes = {
				LastUpgradeCheck = 1010;
			};
			buildConfigurationList = 4192C1012394625700A586F7 /* Build configuration list for PBXProject "particle_bias_test" */;
			compatibilityVersion = "Xcode 9.3";
			developmentRegion = en;
			hasScannedForEncodings = 0;
			knownRegions = (
				en,
			);
			mainGroup = 4192C0FD2394625700A586F7;
			projectDirPath = "";
			projectRoot = "";
			targets = (
			);
		};
/* End PBXProject section */

/* Begin XCBuildConfiguration section */
		4192C1022394625700A586F7 /* Debug */ = {
			isa = XCBuildConfiguration;
			buildSettings = {
			};
			name = Debug;
		};
		4192C1032394625700A586F7 /* Release */ = {
			isa = XCBuildConfiguration;
			buildSettings = {
			};
			name = Release;
		};
/* End XCBuildConfiguration section */

/* Begin XCConfigurationList section */
		4192C1012394625700A586F7 /* Build configuration list for PBXProject "particle_bias_test" */ = {
			isa = XCConfigurationList;
			buildConfigurations = (
				4192C1022394625700A586F7 /* Debug */,
				4192C1032394625700A586F7 /* Release */,
			);
			defaultConfigurationIsVisible = 0;
			defaultConfigurationName = Release;
		};
/* End XCConfigurationList section */
	};
	rootObject = 4192C0FE2394625700A586F7 /* Project object */;
}
